
Microsoft Visual Studio Solution File, Format Version 12.00
# Visual Studio Version 18
VisualStudioVersion = 18.3.11415.281
MinimumVisualStudioVersion = 10.0.40219.1
Project("{9A19103F-16F7-4668-BE54-9A1E7A4F7556}") = "VDF.Core", "VDF.Core\VDF.Core.csproj", "{C9D06643-CDEE-4D17-927D-4D2FE887D618}"
EndProject
Project("{9A19103F-16F7-4668-BE54-9A1E7A4F7556}") = "VDF.GUI", "VDF.GUI\VDF.GUI.csproj", "{5C5517D7-18D3-4A3D-A731-4A252F7D937A}"
EndProject
Project("{FAE04EC0-301F-11D3-BF4B-00C04F79EFBC}") = "FakeDatabaseGenerator", "FakeDatabaseGenerator\FakeDatabaseGenerator.csproj", "{FA8C0D82-05D0-4320-BD21-53628883E87D}"
EndProject
Project("{9A19103F-16F7-4668-BE54-9A1E7A4F7556}") = "VDF.CLI", "VDF.CLI\VDF.CLI.csproj", "{B2E4F1A3-9C7D-4E5F-8B1A-2D3E4F5A6B7C}"
EndProject
Project("{9A19103F-16F7-4668-BE54-9A1E7A4F7556}") = "VDF.Web", "VDF.Web\VDF.Web.csproj", "{A1B2C3D4-E5F6-7890-ABCD-EF1234567890}"
EndProject
Project("{FAE04EC0-301F-11D3-BF4B-00C04F79EFBC}") = "VDF.Core.Tests", "VDF.Core.Tests\VDF.Core.Tests.csproj", "{6F7DFB29-6310-48F1-A180-EF3E31C16A8D}"
EndProject
Project("{FAE04EC0-301F-11D3-BF4B-00C04F79EFBC}") = "VDF.CLI.Tests", "VDF.CLI.Tests\VDF.CLI.Tests.csproj", "{B3464E5B-48C7-4C0C-B911-0AA35812604F}"
EndProject
Project("{FAE04EC0-301F-11D3-BF4B-00C04F79EFBC}") = "VDF.IntegrationTests", "VDF.IntegrationTests\VDF.IntegrationTests.csproj", "{087DC860-1757-4715-9A0D-A0D5A0793DE1}"
EndProject
Project("{9A19103F-16F7-4668-BE54-9A1E7A4F7556}") = "VDF.TestSupport", "VDF.TestSupport\VDF.TestSupport.csproj", "{C7E8B5D2-3F1A-4B6C-9E5D-8A2F1B3C4D5E}"
EndProject
Project("{FAE04EC0-301F-11D3-BF4B-00C04F79EFBC}") = "VDF.Benchmarks", "VDF.Benchmarks\VDF.Benchmarks.csproj", "{B8F1A4C5-6D2E-49B7-A0C3-7E1F8B2D3A4C}"
EndProject
Global
	GlobalSection(SolutionConfigurationPlatforms) = preSolution
		Debug|Any CPU = Debug|Any CPU
		Debug|x64 = Debug|x64
		Debug|x86 = Debug|x86
		Release|Any CPU = Release|Any CPU
		Release|x64 = Release|x64
		Release|x86 = Release|x86
	EndGlobalSection
	GlobalSection(ProjectConfigurationPlatforms) = postSolution
		{C9D06643-CDEE-4D17-927D-4D2FE887D618}.Debug|Any CPU.ActiveCfg = Debug|Any CPU
		{C9D06643-CDEE-4D17-927D-4D2FE887D618}.Debug|Any CPU.Build.0 = Debug|Any CPU
		{C9D06643-CDEE-4D17-927D-4D2FE887D618}.Debug|x64.ActiveCfg = Debug|Any CPU
		{C9D06643-CDEE-4D17-927D-4D2FE887D618}.Debug|x64.Build.0 = Debug|Any CPU
		{C9D06643-CDEE-4D17-927D-4D2FE887D618}.Debug|x86.ActiveCfg = Debug|Any CPU
		{C9D06643-CDEE-4D17-927D-4D2FE887D618}.Debug|x86.Build.0 = Debug|Any CPU
		{C9D06643-CDEE-4D17-927D-4D2FE887D618}.Release|Any CPU.ActiveCfg = Release|Any CPU
		{C9D06643-CDEE-4D17-927D-4D2FE887D618}.Release|Any CPU.Build.0 = Release|Any CPU
		{C9D06643-CDEE-4D17-927D-4D2FE887D618}.Release|x64.ActiveCfg = Release|Any CPU
		{C9D06643-CDEE-4D17-927D-4D2FE887D618}.Release|x64.Build.0 = Release|Any CPU
		{C9D06643-CDEE-4D17-927D-4D2FE887D618}.Release|x86.ActiveCfg = Release|Any CPU
		{C9D06643-CDEE-4D17-927D-4D2FE887D618}.Release|x86.Build.0 = Release|Any CPU
		{5C5517D7-18D3-4A3D-A731-4A252F7D937A}.Debug|Any CPU.ActiveCfg = Debug|Any CPU
		{5C5517D7-18D3-4A3D-A731-4A252F7D937A}.Debug|Any CPU.Build.0 = Debug|Any CPU
		{5C5517D7-18D3-4A3D-A731-4A252F7D937A}.Debug|x64.ActiveCfg = Debug|Any CPU
		{5C5517D7-18D3-4A3D-A731-4A252F7D937A}.Debug|x64.Build.0 = Debug|Any CPU
		{5C5517D7-18D3-4A3D-A731-4A252F7D937A}.Debug|x86.ActiveCfg = Debug|Any CPU
		{5C5517D7-18D3-4A3D-A731-4A252F7D937A}.Debug|x86.Build.0 = Debug|Any CPU
		{5C5517D7-18D3-4A3D-A731-4A252F7D937A}.Release|Any CPU.ActiveCfg = Release|Any CPU
		{5C5517D7-18D3-4A3D-A731-4A252F7D937A}.Release|Any CPU.Build.0 = Release|Any CPU
		{5C5517D7-18D3-4A3D-A731-4A252F7D937A}.Release|x64.ActiveCfg = Release|Any CPU
		{5C5517D7-18D3-4A3D-A731-4A252F7D937A}.Release|x64.Build.0 = Release|Any CPU
		{5C5517D7-18D3-4A3D-A731-4A252F7D937A}.Release|x86.ActiveCfg = Release|Any CPU
		{5C5517D7-18D3-4A3D-A731-4A252F7D937A}.Release|x86.Build.0 = Release|Any CPU
		{FA8C0D82-05D0-4320-BD21-53628883E87D}.Debug|Any CPU.ActiveCfg = Debug|Any CPU
		{FA8C0D82-05D0-4320-BD21-53628883E87D}.Debug|Any CPU.Build.0 = Debug|Any CPU
		{FA8C0D82-05D0-4320-BD21-53628883E87D}.Debug|x64.ActiveCfg = Debug|Any CPU
		{FA8C0D82-05D0-4320-BD21-53628883E87D}.Debug|x64.Build.0 = Debug|Any CPU
		{FA8C0D82-05D0-4320-BD21-53628883E87D}.Debug|x86.ActiveCfg = Debug|Any CPU
		{FA8C0D82-05D0-4320-BD21-53628883E87D}.Debug|x86.Build.0 = Debug|Any CPU
		{FA8C0D82-05D0-4320-BD21-53628883E87D}.Release|Any CPU.ActiveCfg = Release|Any CPU
		{FA8C0D82-05D0-4320-BD21-53628883E87D}.Release|Any CPU.Build.0 = Release|Any CPU
		{FA8C0D82-05D0-4320-BD21-53628883E87D}.Release|x64.ActiveCfg = Release|Any CPU
		{FA8C0D82-05D0-4320-BD21-53628883E87D}.Release|x64.Build.0 = Release|Any CPU
		{FA8C0D82-05D0-4320-BD21-53628883E87D}.Release|x86.ActiveCfg = Release|Any CPU
		{FA8C0D82-05D0-4320-BD21-53628883E87D}.Release|x86.Build.0 = Release|Any CPU
		{B2E4F1A3-9C7D-4E5F-8B1A-2D3E4F5A6B7C}.Debug|Any CPU.ActiveCfg = Debug|Any CPU
		{B2E4F1A3-9C7D-4E5F-8B1A-2D3E4F5A6B7C}.Debug|Any CPU.Build.0 = Debug|Any CPU
		{B2E4F1A3-9C7D-4E5F-8B1A-2D3E4F5A6B7C}.Debug|x64.ActiveCfg = Debug|Any CPU
		{B2E4F1A3-9C7D-4E5F-8B1A-2D3E4F5A6B7C}.Debug|x64.Build.0 = Debug|Any CPU
		{B2E4F1A3-9C7D-4E5F-8B1A-2D3E4F5A6B7C}.Debug|x86.ActiveCfg = Debug|Any CPU
		{B2E4F1A3-9C7D-4E5F-8B1A-2D3E4F5A6B7C}.Debug|x86.Build.0 = Debug|Any CPU
		{B2E4F1A3-9C7D-4E5F-8B1A-2D3E4F5A6B7C}.Release|Any CPU.ActiveCfg = Release|Any CPU
		{B2E4F1A3-9C7D-4E5F-8B1A-2D3E4F5A6B7C}.Release|Any CPU.Build.0 = Release|Any CPU
		{B2E4F1A3-9C7D-4E5F-8B1A-2D3E4F5A6B7C}.Release|x64.ActiveCfg = Release|Any CPU
		{B2E4F1A3-9C7D-4E5F-8B1A-2D3E4F5A6B7C}.Release|x64.Build.0 = Release|Any CPU
		{B2E4F1A3-9C7D-4E5F-8B1A-2D3E4F5A6B7C}.Release|x86.ActiveCfg = Release|Any CPU
		{B2E4F1A3-9C7D-4E5F-8B1A-2D3E4F5A6B7C}.Release|x86.Build.0 = Release|Any CPU
		{A1B2C3D4-E5F6-7890-ABCD-EF1234567890}.Debug|Any CPU.ActiveCfg = Debug|Any CPU
		{A1B2C3D4-E5F6-7890-ABCD-EF1234567890}.Debug|Any CPU.Build.0 = Debug|Any CPU
		{A1B2C3D4-E5F6-7890-ABCD-EF1234567890}.Debug|x64.ActiveCfg = Debug|Any CPU
		{A1B2C3D4-E5F6-7890-ABCD-EF1234567890}.Debug|x64.Build.0 = Debug|Any CPU
		{A1B2C3D4-E5F6-7890-ABCD-EF1234567890}.Debug|x86.ActiveCfg = Debug|Any CPU
		{A1B2C3D4-E5F6-7890-ABCD-EF1234567890}.Debug|x86.Build.0 = Debug|Any CPU
		{A1B2C3D4-E5F6-7890-ABCD-EF1234567890}.Release|Any CPU.ActiveCfg = Release|Any CPU
		{A1B2C3D4-E5F6-7890-ABCD-EF1234567890}.Release|Any CPU.Build.0 = Release|Any CPU
		{A1B2C3D4-E5F6-7890-ABCD-EF1234567890}.Release|x64.ActiveCfg = Release|Any CPU
		{A1B2C3D4-E5F6-7890-ABCD-EF1234567890}.Release|x64.Build.0 = Release|Any CPU
		{A1B2C3D4-E5F6-7890-ABCD-EF1234567890}.Release|x86.ActiveCfg = Release|Any CPU
		{A1B2C3D4-E5F6-7890-ABCD-EF1234567890}.Release|x86.Build.0 = Release|Any CPU
		{6F7DFB29-6310-48F1-A180-EF3E31C16A8D}.Debug|Any CPU.ActiveCfg = Debug|Any CPU
		{6F7DFB29-6310-48F1-A180-EF3E31C16A8D}.Debug|Any CPU.Build.0 = Debug|Any CPU
		{6F7DFB29-6310-48F1-A180-EF3E31C16A8D}.Debug|x64.ActiveCfg = Debug|Any CPU
		{6F7DFB29-6310-48F1-A180-EF3E31C16A8D}.Debug|x64.Build.0 = Debug|Any CPU
		{6F7DFB29-6310-48F1-A180-EF3E31C16A8D}.Debug|x86.ActiveCfg = Debug|Any CPU
		{6F7DFB29-6310-48F1-A180-EF3E31C16A8D}.Debug|x86.Build.0 = Debug|Any CPU
		{6F7DFB29-6310-48F1-A180-EF3E31C16A8D}.Release|Any CPU.ActiveCfg = Release|Any CPU
		{6F7DFB29-6310-48F1-A180-EF3E31C16A8D}.Release|Any CPU.Build.0 = Release|Any CPU
		{6F7DFB29-6310-48F1-A180-EF3E31C16A8D}.Release|x64.ActiveCfg = Release|Any CPU
		{6F7DFB29-6310-48F1-A180-EF3E31C16A8D}.Release|x64.Build.0 = Release|Any CPU
		{6F7DFB29-6310-48F1-A180-EF3E31C16A8D}.Release|x86.ActiveCfg = Release|Any CPU
		{6F7DFB29-6310-48F1-A180-EF3E31C16A8D}.Release|x86.Build.0 = Release|Any CPU
		{B3464E5B-48C7-4C0C-B911-0AA35812604F}.Debug|Any CPU.ActiveCfg = Debug|Any CPU
		{B3464E5B-48C7-4C0C-B911-0AA35812604F}.Debug|Any CPU.Build.0 = Debug|Any CPU
		{B3464E5B-48C7-4C0C-B911-0AA35812604F}.Debug|x64.ActiveCfg = Debug|Any CPU
		{B3464E5B-48C7-4C0C-B911-0AA35812604F}.Debug|x64.Build.0 = Debug|Any CPU
		{B3464E5B-48C7-4C0C-B911-0AA35812604F}.Debug|x86.ActiveCfg = Debug|Any CPU
		{B3464E5B-48C7-4C0C-B911-0AA35812604F}.Debug|x86.Build.0 = Debug|Any CPU
		{B3464E5B-48C7-4C0C-B911-0AA35812604F}.Release|Any CPU.ActiveCfg = Release|Any CPU
		{B3464E5B-48C7-4C0C-B911-0AA35812604F}.Release|Any CPU.Build.0 = Release|Any CPU
		{B3464E5B-48C7-4C0C-B911-0AA35812604F}.Release|x64.ActiveCfg = Release|Any CPU
		{B3464E5B-48C7-4C0C-B911-0AA35812604F}.Release|x64.Build.0 = Release|Any CPU
		{B3464E5B-48C7-4C0C-B911-0AA35812604F}.Release|x86.ActiveCfg = Release|Any CPU
		{B3464E5B-48C7-4C0C-B911-0AA35812604F}.Release|x86.Build.0 = Release|Any CPU
		{087DC860-1757-4715-9A0D-A0D5A0793DE1}.Debug|Any CPU.ActiveCfg = Debug|Any CPU
		{087DC860-1757-4715-9A0D-A0D5A0793DE1}.Debug|Any CPU.Build.0 = Debug|Any CPU
		{087DC860-1757-4715-9A0D-A0D5A0793DE1}.Debug|x64.ActiveCfg = Debug|Any CPU
		{087DC860-1757-4715-9A0D-A0D5A0793DE1}.Debug|x64.Build.0 = Debug|Any CPU
		{087DC860-1757-4715-9A0D-A0D5A0793DE1}.Debug|x86.ActiveCfg = Debug|Any CPU
		{087DC860-1757-4715-9A0D-A0D5A0793DE1}.Debug|x86.Build.0 = Debug|Any CPU
		{087DC860-1757-4715-9A0D-A0D5A0793DE1}.Release|Any CPU.ActiveCfg = Release|Any CPU
		{087DC860-1757-4715-9A0D-A0D5A0793DE1}.Release|Any CPU.Build.0 = Release|Any CPU
		{087DC860-1757-4715-9A0D-A0D5A0793DE1}.Release|x64.ActiveCfg = Release|Any CPU
		{087DC860-1757-4715-9A0D-A0D5A0793DE1}.Release|x64.Build.0 = Release|Any CPU
		{087DC860-1757-4715-9A0D-A0D5A0793DE1}.Release|x86.ActiveCfg = Release|Any CPU
		{087DC860-1757-4715-9A0D-A0D5A0793DE1}.Release|x86.Build.0 = Release|Any CPU
		{C7E8B5D2-3F1A-4B6C-9E5D-8A2F1B3C4D5E}.Debug|Any CPU.ActiveCfg = Debug|Any CPU
		{C7E8B5D2-3F1A-4B6C-9E5D-8A2F1B3C4D5E}.Debug|Any CPU.Build.0 = Debug|Any CPU
		{C7E8B5D2-3F1A-4B6C-9E5D-8A2F1B3C4D5E}.Debug|x64.ActiveCfg = Debug|Any CPU
		{C7E8B5D2-3F1A-4B6C-9E5D-8A2F1B3C4D5E}.Debug|x64.Build.0 = Debug|Any CPU
		{C7E8B5D2-3F1A-4B6C-9E5D-8A2F1B3C4D5E}.Debug|x86.ActiveCfg = Debug|Any CPU
		{C7E8B5D2-3F1A-4B6C-9E5D-8A2F1B3C4D5E}.Debug|x86.Build.0 = Debug|Any CPU
		{C7E8B5D2-3F1A-4B6C-9E5D-8A2F1B3C4D5E}.Release|Any CPU.ActiveCfg = Release|Any CPU
		{C7E8B5D2-3F1A-4B6C-9E5D-8A2F1B3C4D5E}.Release|Any CPU.Build.0 = Release|Any CPU
		{C7E8B5D2-3F1A-4B6C-9E5D-8A2F1B3C4D5E}.Release|x64.ActiveCfg = Release|Any CPU
		{C7E8B5D2-3F1A-4B6C-9E5D-8A2F1B3C4D5E}.Release|x64.Build.0 = Release|Any CPU
		{C7E8B5D2-3F1A-4B6C-9E5D-8A2F1B3C4D5E}.Release|x86.ActiveCfg = Release|Any CPU
		{C7E8B5D2-3F1A-4B6C-9E5D-8A2F1B3C4D5E}.Release|x86.Build.0 = Release|Any CPU
		{B8F1A4C5-6D2E-49B7-A0C3-7E1F8B2D3A4C}.Debug|Any CPU.ActiveCfg = Debug|Any CPU
		{B8F1A4C5-6D2E-49B7-A0C3-7E1F8B2D3A4C}.Debug|Any CPU.Build.0 = Debug|Any CPU
		{B8F1A4C5-6D2E-49B7-A0C3-7E1F8B2D3A4C}.Debug|x64.ActiveCfg = Debug|Any CPU
		{B8F1A4C5-6D2E-49B7-A0C3-7E1F8B2D3A4C}.Debug|x64.Build.0 = Debug|Any CPU
		{B8F1A4C5-6D2E-49B7-A0C3-7E1F8B2D3A4C}.Debug|x86.ActiveCfg = Debug|Any CPU
		{B8F1A4C5-6D2E-49B7-A0C3-7E1F8B2D3A4C}.Debug|x86.Build.0 = Debug|Any CPU
		{B8F1A4C5-6D2E-49B7-A0C3-7E1F8B2D3A4C}.Release|Any CPU.ActiveCfg = Release|Any CPU
		{B8F1A4C5-6D2E-49B7-A0C3-7E1F8B2D3A4C}.Release|Any CPU.Build.0 = Release|Any CPU
		{B8F1A4C5-6D2E-49B7-A0C3-7E1F8B2D3A4C}.Release|x64.ActiveCfg = Release|Any CPU
		{B8F1A4C5-6D2E-49B7-A0C3-7E1F8B2D3A4C}.Release|x64.Build.0 = Release|Any CPU
		{B8F1A4C5-6D2E-49B7-A0C3-7E1F8B2D3A4C}.Release|x86.ActiveCfg = Release|Any CPU
		{B8F1A4C5-6D2E-49B7-A0C3-7E1F8B2D3A4C}.Release|x86.Build.0 = Release|Any CPU
	EndGlobalSection
	GlobalSection(SolutionProperties) = preSolution
		HideSolutionNode = FALSE
	EndGlobalSection
	GlobalSection(ExtensibilityGlobals) = postSolution
		SolutionGuid = {3940BB16-5E98-4256-8C82-7CECEA1A5365}
	EndGlobalSection
EndGlobal
