
Microsoft Visual Studio Solution File, Format Version 12.00
# Visual Studio Version 16
VisualStudioVersion = 16.0.29613.14
MinimumVisualStudioVersion = 10.0.40219.1
Project("{9A19103F-16F7-4668-BE54-9A1E7A4F7556}") = "VDF.Core", "VDF.Core\VDF.Core.csproj", "{C9D06643-CDEE-4D17-927D-4D2FE887D618}"
EndProject
Project("{9A19103F-16F7-4668-BE54-9A1E7A4F7556}") = "VDF.GUI", "VDF.GUI\VDF.GUI.csproj", "{5C5517D7-18D3-4A3D-A731-4A252F7D937A}"
EndProject
Global
	GlobalSection(SolutionConfigurationPlatforms) = preSolution
		Debug|Any CPU = Debug|Any CPU
		Release|Any CPU = Release|Any CPU
	EndGlobalSection
	GlobalSection(ProjectConfigurationPlatforms) = postSolution
		{C9D06643-CDEE-4D17-927D-4D2FE887D618}.Debug|Any CPU.ActiveCfg = Debug|Any CPU
		{C9D06643-CDEE-4D17-927D-4D2FE887D618}.Debug|Any CPU.Build.0 = Debug|Any CPU
		{C9D06643-CDEE-4D17-927D-4D2FE887D618}.Release|Any CPU.ActiveCfg = Release|Any CPU
		{C9D06643-CDEE-4D17-927D-4D2FE887D618}.Release|Any CPU.Build.0 = Release|Any CPU
		{5C5517D7-18D3-4A3D-A731-4A252F7D937A}.Debug|Any CPU.ActiveCfg = Debug|Any CPU
		{5C5517D7-18D3-4A3D-A731-4A252F7D937A}.Debug|Any CPU.Build.0 = Debug|Any CPU
		{5C5517D7-18D3-4A3D-A731-4A252F7D937A}.Release|Any CPU.ActiveCfg = Release|Any CPU
		{5C5517D7-18D3-4A3D-A731-4A252F7D937A}.Release|Any CPU.Build.0 = Release|Any CPU
	EndGlobalSection
	GlobalSection(SolutionProperties) = preSolution
		HideSolutionNode = FALSE
	EndGlobalSection
	GlobalSection(ExtensibilityGlobals) = postSolution
		SolutionGuid = {3940BB16-5E98-4256-8C82-7CECEA1A5365}
	EndGlobalSection
EndGlobal
