
Microsoft Visual Studio Solution File, Format Version 12.00
# Visual Studio Version 16
VisualStudioVersion = 16.0.28407.52
MinimumVisualStudioVersion = 10.0.40219.1
Project("{9A19103F-16F7-4668-BE54-9A1E7A4F7556}") = "VideoDuplicateFinder.Windows", "VideoDuplicateFinder.Windows\VideoDuplicateFinder.Windows.csproj", "{FE0198E1-55D3-4531-8AC2-D46F67B347BE}"
EndProject
Project("{9A19103F-16F7-4668-BE54-9A1E7A4F7556}") = "DuplicateFinderEngine", "DuplicateFinderEngine\DuplicateFinderEngine.csproj", "{1F83EFC7-4C95-4AE3-98E4-5ADB411ABB6A}"
EndProject
Project("{9A19103F-16F7-4668-BE54-9A1E7A4F7556}") = "VideoDuplicateFinder.Console", "VideoDuplicateFinder.Console\VideoDuplicateFinder.Console.csproj", "{B2048B76-21C3-4C40-8F42-0B18F1F61540}"
EndProject
Project("{9A19103F-16F7-4668-BE54-9A1E7A4F7556}") = "VideoDuplicateFinderLinux", "VideoDuplicateFinderLinux\VideoDuplicateFinderLinux.csproj", "{E6C3460C-ECAE-42CF-B6B7-EA665E142F89}"
EndProject
Global
	GlobalSection(SolutionConfigurationPlatforms) = preSolution
		Debug|Any CPU = Debug|Any CPU
		Debug|x64 = Debug|x64
		Release|Any CPU = Release|Any CPU
		Release|x64 = Release|x64
	EndGlobalSection
	GlobalSection(ProjectConfigurationPlatforms) = postSolution
		{FE0198E1-55D3-4531-8AC2-D46F67B347BE}.Debug|Any CPU.ActiveCfg = Debug|Any CPU
		{FE0198E1-55D3-4531-8AC2-D46F67B347BE}.Debug|Any CPU.Build.0 = Debug|Any CPU
		{FE0198E1-55D3-4531-8AC2-D46F67B347BE}.Debug|x64.ActiveCfg = Debug|x64
		{FE0198E1-55D3-4531-8AC2-D46F67B347BE}.Debug|x64.Build.0 = Debug|x64
		{FE0198E1-55D3-4531-8AC2-D46F67B347BE}.Release|Any CPU.ActiveCfg = Release|Any CPU
		{FE0198E1-55D3-4531-8AC2-D46F67B347BE}.Release|Any CPU.Build.0 = Release|Any CPU
		{FE0198E1-55D3-4531-8AC2-D46F67B347BE}.Release|x64.ActiveCfg = Release|x64
		{FE0198E1-55D3-4531-8AC2-D46F67B347BE}.Release|x64.Build.0 = Release|x64
		{1F83EFC7-4C95-4AE3-98E4-5ADB411ABB6A}.Debug|Any CPU.ActiveCfg = Debug|Any CPU
		{1F83EFC7-4C95-4AE3-98E4-5ADB411ABB6A}.Debug|Any CPU.Build.0 = Debug|Any CPU
		{1F83EFC7-4C95-4AE3-98E4-5ADB411ABB6A}.Debug|x64.ActiveCfg = Debug|x64
		{1F83EFC7-4C95-4AE3-98E4-5ADB411ABB6A}.Debug|x64.Build.0 = Debug|x64
		{1F83EFC7-4C95-4AE3-98E4-5ADB411ABB6A}.Release|Any CPU.ActiveCfg = Release|Any CPU
		{1F83EFC7-4C95-4AE3-98E4-5ADB411ABB6A}.Release|Any CPU.Build.0 = Release|Any CPU
		{1F83EFC7-4C95-4AE3-98E4-5ADB411ABB6A}.Release|x64.ActiveCfg = Release|x64
		{1F83EFC7-4C95-4AE3-98E4-5ADB411ABB6A}.Release|x64.Build.0 = Release|x64
		{B2048B76-21C3-4C40-8F42-0B18F1F61540}.Debug|Any CPU.ActiveCfg = Debug|Any CPU
		{B2048B76-21C3-4C40-8F42-0B18F1F61540}.Debug|Any CPU.Build.0 = Debug|Any CPU
		{B2048B76-21C3-4C40-8F42-0B18F1F61540}.Debug|x64.ActiveCfg = Debug|Any CPU
		{B2048B76-21C3-4C40-8F42-0B18F1F61540}.Debug|x64.Build.0 = Debug|Any CPU
		{B2048B76-21C3-4C40-8F42-0B18F1F61540}.Release|Any CPU.ActiveCfg = Release|Any CPU
		{B2048B76-21C3-4C40-8F42-0B18F1F61540}.Release|Any CPU.Build.0 = Release|Any CPU
		{B2048B76-21C3-4C40-8F42-0B18F1F61540}.Release|x64.ActiveCfg = Release|Any CPU
		{B2048B76-21C3-4C40-8F42-0B18F1F61540}.Release|x64.Build.0 = Release|Any CPU
		{E6C3460C-ECAE-42CF-B6B7-EA665E142F89}.Debug|Any CPU.ActiveCfg = Debug|Any CPU
		{E6C3460C-ECAE-42CF-B6B7-EA665E142F89}.Debug|Any CPU.Build.0 = Debug|Any CPU
		{E6C3460C-ECAE-42CF-B6B7-EA665E142F89}.Debug|x64.ActiveCfg = Debug|x64
		{E6C3460C-ECAE-42CF-B6B7-EA665E142F89}.Debug|x64.Build.0 = Debug|x64
		{E6C3460C-ECAE-42CF-B6B7-EA665E142F89}.Release|Any CPU.ActiveCfg = Release|Any CPU
		{E6C3460C-ECAE-42CF-B6B7-EA665E142F89}.Release|Any CPU.Build.0 = Release|Any CPU
		{E6C3460C-ECAE-42CF-B6B7-EA665E142F89}.Release|x64.ActiveCfg = Release|x64
		{E6C3460C-ECAE-42CF-B6B7-EA665E142F89}.Release|x64.Build.0 = Release|x64
	EndGlobalSection
	GlobalSection(SolutionProperties) = preSolution
		HideSolutionNode = FALSE
	EndGlobalSection
	GlobalSection(ExtensibilityGlobals) = postSolution
		SolutionGuid = {2B22D36F-1D32-41AC-8AEA-2D74B2A96116}
	EndGlobalSection
EndGlobal
