
Microsoft Visual Studio Solution File, Format Version 12.00
# Visual Studio 15
VisualStudioVersion = 15.0.28307.168
MinimumVisualStudioVersion = 10.0.40219.1
Project("{FAE04EC0-301F-11D3-BF4B-00C04F79EFBC}") = "VideoDuplicateFinderLinux", "VideoDuplicateFinderLinux.csproj", "{B54137D7-D2CF-4BFC-B207-C2CE900A0D77}"
EndProject
Global
	GlobalSection(SolutionConfigurationPlatforms) = preSolution
		Debug|Any CPU = Debug|Any CPU
		Release|Any CPU = Release|Any CPU
	EndGlobalSection
	GlobalSection(ProjectConfigurationPlatforms) = postSolution
		{B54137D7-D2CF-4BFC-B207-C2CE900A0D77}.Debug|Any CPU.ActiveCfg = Debug|Any CPU
		{B54137D7-D2CF-4BFC-B207-C2CE900A0D77}.Debug|Any CPU.Build.0 = Debug|Any CPU
		{B54137D7-D2CF-4BFC-B207-C2CE900A0D77}.Release|Any CPU.ActiveCfg = Release|Any CPU
		{B54137D7-D2CF-4BFC-B207-C2CE900A0D77}.Release|Any CPU.Build.0 = Release|Any CPU
	EndGlobalSection
	GlobalSection(SolutionProperties) = preSolution
		HideSolutionNode = FALSE
	EndGlobalSection
	GlobalSection(ExtensibilityGlobals) = postSolution
		SolutionGuid = {2D0F4640-7BE4-49DD-AB7F-30BB011888E1}
	EndGlobalSection
EndGlobal
